
Microsoft Visual Studio Solution File, Format Version 12.00
# Visual Studio 14
VisualStudioVersion = 14.0.23107.0
MinimumVisualStudioVersion = 10.0.40219.1
Project("{2150E333-8FDC-42A3-9474-1A3956D46DE8}") = "src", "src", "{42D0A6C3-90E8-4C5D-BA39-EC5ED86F4FB6}"
EndProject
Project("{2150E333-8FDC-42A3-9474-1A3956D46DE8}") = "Solution Items", "Solution Items", "{2459BC35-3E08-4021-BBBC-CBD20B8521E3}"
	ProjectSection(SolutionItems) = preProject
		global.json = global.json
	EndProjectSection
EndProject
Project("{2150E333-8FDC-42A3-9474-1A3956D46DE8}") = "DATA", "DATA", "{B9EC81EC-4F9C-45A6-96E7-25DCE1F45D4D}"
EndProject
Project("{2150E333-8FDC-42A3-9474-1A3956D46DE8}") = "DOMAIN", "DOMAIN", "{700C05E4-401F-4218-8D66-1C82D991CE40}"
EndProject
Project("{2150E333-8FDC-42A3-9474-1A3956D46DE8}") = "APPLICATION", "APPLICATION", "{0C3AC8FE-07DC-4925-9283-416668576772}"
EndProject
Project("{2150E333-8FDC-42A3-9474-1A3956D46DE8}") = "API", "API", "{2A0CAED2-B0A8-4E23-8AB9-DCD84E84B2DA}"
EndProject
Project("{8BB2217D-0F2D-49D1-97BC-3654ED321F3B}") = "CashManager.DOMAIN.Models", "src\DOMAIN\CashManager.DOMAIN.Models\CashManager.DOMAIN.Models.xproj", "{9F3B8C63-16E8-4BD7-B592-F5E5233A253C}"
EndProject
Project("{8BB2217D-0F2D-49D1-97BC-3654ED321F3B}") = "CashManager.Api", "src\API\CashManager.Api\CashManager.Api.xproj", "{7E19CE90-E22D-445D-A488-2B1DC5401085}"
EndProject
Global
	GlobalSection(SolutionConfigurationPlatforms) = preSolution
		Debug|Any CPU = Debug|Any CPU
		Release|Any CPU = Release|Any CPU
	EndGlobalSection
	GlobalSection(ProjectConfigurationPlatforms) = postSolution
		{9F3B8C63-16E8-4BD7-B592-F5E5233A253C}.Debug|Any CPU.ActiveCfg = Debug|Any CPU
		{9F3B8C63-16E8-4BD7-B592-F5E5233A253C}.Debug|Any CPU.Build.0 = Debug|Any CPU
		{9F3B8C63-16E8-4BD7-B592-F5E5233A253C}.Release|Any CPU.ActiveCfg = Release|Any CPU
		{9F3B8C63-16E8-4BD7-B592-F5E5233A253C}.Release|Any CPU.Build.0 = Release|Any CPU
		{7E19CE90-E22D-445D-A488-2B1DC5401085}.Debug|Any CPU.ActiveCfg = Debug|Any CPU
		{7E19CE90-E22D-445D-A488-2B1DC5401085}.Debug|Any CPU.Build.0 = Debug|Any CPU
		{7E19CE90-E22D-445D-A488-2B1DC5401085}.Release|Any CPU.ActiveCfg = Release|Any CPU
		{7E19CE90-E22D-445D-A488-2B1DC5401085}.Release|Any CPU.Build.0 = Release|Any CPU
	EndGlobalSection
	GlobalSection(SolutionProperties) = preSolution
		HideSolutionNode = FALSE
	EndGlobalSection
	GlobalSection(NestedProjects) = preSolution
		{B9EC81EC-4F9C-45A6-96E7-25DCE1F45D4D} = {42D0A6C3-90E8-4C5D-BA39-EC5ED86F4FB6}
		{700C05E4-401F-4218-8D66-1C82D991CE40} = {42D0A6C3-90E8-4C5D-BA39-EC5ED86F4FB6}
		{0C3AC8FE-07DC-4925-9283-416668576772} = {42D0A6C3-90E8-4C5D-BA39-EC5ED86F4FB6}
		{2A0CAED2-B0A8-4E23-8AB9-DCD84E84B2DA} = {42D0A6C3-90E8-4C5D-BA39-EC5ED86F4FB6}
		{9F3B8C63-16E8-4BD7-B592-F5E5233A253C} = {700C05E4-401F-4218-8D66-1C82D991CE40}
		{7E19CE90-E22D-445D-A488-2B1DC5401085} = {2A0CAED2-B0A8-4E23-8AB9-DCD84E84B2DA}
	EndGlobalSection
EndGlobal
